
Microsoft Visual Studio Solution File, Format Version 12.00
# Visual Studio Version 17
VisualStudioVersion = 17.2.32616.157
MinimumVisualStudioVersion = 10.0.40219.1
Project("{9A19103F-16F7-4668-BE54-9A1E7A4F7556}") = "Basics", "Basics\Basics.csproj", "{3C622CC6-BEA8-402C-9785-DD1B319CA98C}"
EndProject
Project("{9A19103F-16F7-4668-BE54-9A1E7A4F7556}") = "Inheritance", "Inheritance\Inheritance.csproj", "{5A6672F2-FE8C-45D2-8F82-95CE2508555E}"
EndProject
Project("{9A19103F-16F7-4668-BE54-9A1E7A4F7556}") = "Polymorphism", "Polymorphism\Polymorphism.csproj", "{E7CFC851-B458-4932-AEEF-5F6FF6BE8162}"
EndProject
Project("{9A19103F-16F7-4668-BE54-9A1E7A4F7556}") = "Interface", "Interface\Interface.csproj", "{EF9209CA-F795-49A8-8296-4F4382F58B4B}"
EndProject
Project("{9A19103F-16F7-4668-BE54-9A1E7A4F7556}") = "InheritancePolimorphismExample", "InheritancePolimorphismExample\InheritancePolimorphismExample.csproj", "{EA81208E-90AC-467B-BE04-B86E286FC4A1}"
EndProject
Project("{9A19103F-16F7-4668-BE54-9A1E7A4F7556}") = "Methods", "Methods\Methods.csproj", "{1103879A-3269-44B6-91AF-F5FCBDC123AB}"
EndProject
Project("{9A19103F-16F7-4668-BE54-9A1E7A4F7556}") = "Delegates", "Delegates\Delegates.csproj", "{5DE4CB64-670D-47FB-A64A-D3B7535B33C1}"
EndProject
Project("{9A19103F-16F7-4668-BE54-9A1E7A4F7556}") = "Events", "Events\Events.csproj", "{8812790F-A462-4788-92A4-0045EDB6177B}"
EndProject
Project("{9A19103F-16F7-4668-BE54-9A1E7A4F7556}") = "IEnumerableExample", "IEnumerable\IEnumerableExample.csproj", "{E6D43A22-1070-4AB4-B136-D0FEE9D0E6E1}"
EndProject
Project("{9A19103F-16F7-4668-BE54-9A1E7A4F7556}") = "HashTableExample", "HashTableExample\HashTableExample.csproj", "{5736E198-85E8-4582-B9AF-AB1A5A8F661B}"
EndProject
Project("{9A19103F-16F7-4668-BE54-9A1E7A4F7556}") = "StacknQueue", "StacknQueue\StacknQueue.csproj", "{B69684B6-976A-44D3-9B80-15B1AB952394}"
EndProject
Project("{9A19103F-16F7-4668-BE54-9A1E7A4F7556}") = "Generics", "Generics\Generics.csproj", "{06F89B16-B6CA-4785-A953-0BC92756BF91}"
EndProject
Project("{9A19103F-16F7-4668-BE54-9A1E7A4F7556}") = "GenericsExample", "GenericsExample\GenericsExample.csproj", "{526B8CB5-DC29-4FA2-9914-0399C4C43183}"
EndProject
Project("{FAE04EC0-301F-11D3-BF4B-00C04F79EFBC}") = "TryCatchExample", "TryCatchExample\TryCatchExample.csproj", "{D83E4CF4-5DFE-45C7-8511-B6D456BE0B44}"
EndProject
Project("{FAE04EC0-301F-11D3-BF4B-00C04F79EFBC}") = "TheadExample", "TheadExample\TheadExample.csproj", "{CC50B4B5-A592-44E6-A49A-FD300032C0C4}"
EndProject
Project("{FAE04EC0-301F-11D3-BF4B-00C04F79EFBC}") = "StreamsExample", "StreamsExample\StreamsExample.csproj", "{6F67BE96-F2B9-464D-8179-72AAED7E8C2D}"
EndProject
Global
	GlobalSection(SolutionConfigurationPlatforms) = preSolution
		Debug|Any CPU = Debug|Any CPU
		Release|Any CPU = Release|Any CPU
	EndGlobalSection
	GlobalSection(ProjectConfigurationPlatforms) = postSolution
		{3C622CC6-BEA8-402C-9785-DD1B319CA98C}.Debug|Any CPU.ActiveCfg = Debug|Any CPU
		{3C622CC6-BEA8-402C-9785-DD1B319CA98C}.Debug|Any CPU.Build.0 = Debug|Any CPU
		{3C622CC6-BEA8-402C-9785-DD1B319CA98C}.Release|Any CPU.ActiveCfg = Release|Any CPU
		{3C622CC6-BEA8-402C-9785-DD1B319CA98C}.Release|Any CPU.Build.0 = Release|Any CPU
		{5A6672F2-FE8C-45D2-8F82-95CE2508555E}.Debug|Any CPU.ActiveCfg = Debug|Any CPU
		{5A6672F2-FE8C-45D2-8F82-95CE2508555E}.Debug|Any CPU.Build.0 = Debug|Any CPU
		{5A6672F2-FE8C-45D2-8F82-95CE2508555E}.Release|Any CPU.ActiveCfg = Release|Any CPU
		{5A6672F2-FE8C-45D2-8F82-95CE2508555E}.Release|Any CPU.Build.0 = Release|Any CPU
		{E7CFC851-B458-4932-AEEF-5F6FF6BE8162}.Debug|Any CPU.ActiveCfg = Debug|Any CPU
		{E7CFC851-B458-4932-AEEF-5F6FF6BE8162}.Debug|Any CPU.Build.0 = Debug|Any CPU
		{E7CFC851-B458-4932-AEEF-5F6FF6BE8162}.Release|Any CPU.ActiveCfg = Release|Any CPU
		{E7CFC851-B458-4932-AEEF-5F6FF6BE8162}.Release|Any CPU.Build.0 = Release|Any CPU
		{EF9209CA-F795-49A8-8296-4F4382F58B4B}.Debug|Any CPU.ActiveCfg = Debug|Any CPU
		{EF9209CA-F795-49A8-8296-4F4382F58B4B}.Debug|Any CPU.Build.0 = Debug|Any CPU
		{EF9209CA-F795-49A8-8296-4F4382F58B4B}.Release|Any CPU.ActiveCfg = Release|Any CPU
		{EF9209CA-F795-49A8-8296-4F4382F58B4B}.Release|Any CPU.Build.0 = Release|Any CPU
		{EA81208E-90AC-467B-BE04-B86E286FC4A1}.Debug|Any CPU.ActiveCfg = Debug|Any CPU
		{EA81208E-90AC-467B-BE04-B86E286FC4A1}.Debug|Any CPU.Build.0 = Debug|Any CPU
		{EA81208E-90AC-467B-BE04-B86E286FC4A1}.Release|Any CPU.ActiveCfg = Release|Any CPU
		{EA81208E-90AC-467B-BE04-B86E286FC4A1}.Release|Any CPU.Build.0 = Release|Any CPU
		{1103879A-3269-44B6-91AF-F5FCBDC123AB}.Debug|Any CPU.ActiveCfg = Debug|Any CPU
		{1103879A-3269-44B6-91AF-F5FCBDC123AB}.Debug|Any CPU.Build.0 = Debug|Any CPU
		{1103879A-3269-44B6-91AF-F5FCBDC123AB}.Release|Any CPU.ActiveCfg = Release|Any CPU
		{1103879A-3269-44B6-91AF-F5FCBDC123AB}.Release|Any CPU.Build.0 = Release|Any CPU
		{5DE4CB64-670D-47FB-A64A-D3B7535B33C1}.Debug|Any CPU.ActiveCfg = Debug|Any CPU
		{5DE4CB64-670D-47FB-A64A-D3B7535B33C1}.Debug|Any CPU.Build.0 = Debug|Any CPU
		{5DE4CB64-670D-47FB-A64A-D3B7535B33C1}.Release|Any CPU.ActiveCfg = Release|Any CPU
		{5DE4CB64-670D-47FB-A64A-D3B7535B33C1}.Release|Any CPU.Build.0 = Release|Any CPU
		{8812790F-A462-4788-92A4-0045EDB6177B}.Debug|Any CPU.ActiveCfg = Debug|Any CPU
		{8812790F-A462-4788-92A4-0045EDB6177B}.Debug|Any CPU.Build.0 = Debug|Any CPU
		{8812790F-A462-4788-92A4-0045EDB6177B}.Release|Any CPU.ActiveCfg = Release|Any CPU
		{8812790F-A462-4788-92A4-0045EDB6177B}.Release|Any CPU.Build.0 = Release|Any CPU
		{E6D43A22-1070-4AB4-B136-D0FEE9D0E6E1}.Debug|Any CPU.ActiveCfg = Debug|Any CPU
		{E6D43A22-1070-4AB4-B136-D0FEE9D0E6E1}.Debug|Any CPU.Build.0 = Debug|Any CPU
		{E6D43A22-1070-4AB4-B136-D0FEE9D0E6E1}.Release|Any CPU.ActiveCfg = Release|Any CPU
		{E6D43A22-1070-4AB4-B136-D0FEE9D0E6E1}.Release|Any CPU.Build.0 = Release|Any CPU
		{5736E198-85E8-4582-B9AF-AB1A5A8F661B}.Debug|Any CPU.ActiveCfg = Debug|Any CPU
		{5736E198-85E8-4582-B9AF-AB1A5A8F661B}.Debug|Any CPU.Build.0 = Debug|Any CPU
		{5736E198-85E8-4582-B9AF-AB1A5A8F661B}.Release|Any CPU.ActiveCfg = Release|Any CPU
		{5736E198-85E8-4582-B9AF-AB1A5A8F661B}.Release|Any CPU.Build.0 = Release|Any CPU
		{B69684B6-976A-44D3-9B80-15B1AB952394}.Debug|Any CPU.ActiveCfg = Debug|Any CPU
		{B69684B6-976A-44D3-9B80-15B1AB952394}.Debug|Any CPU.Build.0 = Debug|Any CPU
		{B69684B6-976A-44D3-9B80-15B1AB952394}.Release|Any CPU.ActiveCfg = Release|Any CPU
		{B69684B6-976A-44D3-9B80-15B1AB952394}.Release|Any CPU.Build.0 = Release|Any CPU
		{06F89B16-B6CA-4785-A953-0BC92756BF91}.Debug|Any CPU.ActiveCfg = Debug|Any CPU
		{06F89B16-B6CA-4785-A953-0BC92756BF91}.Debug|Any CPU.Build.0 = Debug|Any CPU
		{06F89B16-B6CA-4785-A953-0BC92756BF91}.Release|Any CPU.ActiveCfg = Release|Any CPU
		{06F89B16-B6CA-4785-A953-0BC92756BF91}.Release|Any CPU.Build.0 = Release|Any CPU
		{526B8CB5-DC29-4FA2-9914-0399C4C43183}.Debug|Any CPU.ActiveCfg = Debug|Any CPU
		{526B8CB5-DC29-4FA2-9914-0399C4C43183}.Debug|Any CPU.Build.0 = Debug|Any CPU
		{526B8CB5-DC29-4FA2-9914-0399C4C43183}.Release|Any CPU.ActiveCfg = Release|Any CPU
		{526B8CB5-DC29-4FA2-9914-0399C4C43183}.Release|Any CPU.Build.0 = Release|Any CPU
		{D83E4CF4-5DFE-45C7-8511-B6D456BE0B44}.Debug|Any CPU.ActiveCfg = Debug|Any CPU
		{D83E4CF4-5DFE-45C7-8511-B6D456BE0B44}.Debug|Any CPU.Build.0 = Debug|Any CPU
		{D83E4CF4-5DFE-45C7-8511-B6D456BE0B44}.Release|Any CPU.ActiveCfg = Release|Any CPU
		{D83E4CF4-5DFE-45C7-8511-B6D456BE0B44}.Release|Any CPU.Build.0 = Release|Any CPU
		{CC50B4B5-A592-44E6-A49A-FD300032C0C4}.Debug|Any CPU.ActiveCfg = Debug|Any CPU
		{CC50B4B5-A592-44E6-A49A-FD300032C0C4}.Debug|Any CPU.Build.0 = Debug|Any CPU
		{CC50B4B5-A592-44E6-A49A-FD300032C0C4}.Release|Any CPU.ActiveCfg = Release|Any CPU
		{CC50B4B5-A592-44E6-A49A-FD300032C0C4}.Release|Any CPU.Build.0 = Release|Any CPU
		{6F67BE96-F2B9-464D-8179-72AAED7E8C2D}.Debug|Any CPU.ActiveCfg = Debug|Any CPU
		{6F67BE96-F2B9-464D-8179-72AAED7E8C2D}.Debug|Any CPU.Build.0 = Debug|Any CPU
		{6F67BE96-F2B9-464D-8179-72AAED7E8C2D}.Release|Any CPU.ActiveCfg = Release|Any CPU
		{6F67BE96-F2B9-464D-8179-72AAED7E8C2D}.Release|Any CPU.Build.0 = Release|Any CPU
	EndGlobalSection
	GlobalSection(SolutionProperties) = preSolution
		HideSolutionNode = FALSE
	EndGlobalSection
	GlobalSection(ExtensibilityGlobals) = postSolution
		SolutionGuid = {84490C27-CADB-481E-8183-314A7683DB60}
	EndGlobalSection
EndGlobal
